
Microsoft Visual Studio Solution File, Format Version 12.00
# Visual Studio 15
VisualStudioVersion = 15.0.27703.2000
MinimumVisualStudioVersion = 10.0.40219.1
Project("{FAE04EC0-301F-11D3-BF4B-00C04F79EFBC}") = "KeyforgeDownloader", "KeyforgeDownloader\KeyforgeDownloader.csproj", "{724083B9-E372-4EB4-B27C-C345E0ED86BA}"
EndProject
Global
	GlobalSection(SolutionConfigurationPlatforms) = preSolution
		Debug|Any CPU = Debug|Any CPU
		Release|Any CPU = Release|Any CPU
	EndGlobalSection
	GlobalSection(ProjectConfigurationPlatforms) = postSolution
		{724083B9-E372-4EB4-B27C-C345E0ED86BA}.Debug|Any CPU.ActiveCfg = Debug|Any CPU
		{724083B9-E372-4EB4-B27C-C345E0ED86BA}.Debug|Any CPU.Build.0 = Debug|Any CPU
		{724083B9-E372-4EB4-B27C-C345E0ED86BA}.Release|Any CPU.ActiveCfg = Release|Any CPU
		{724083B9-E372-4EB4-B27C-C345E0ED86BA}.Release|Any CPU.Build.0 = Release|Any CPU
	EndGlobalSection
	GlobalSection(SolutionProperties) = preSolution
		HideSolutionNode = FALSE
	EndGlobalSection
	GlobalSection(ExtensibilityGlobals) = postSolution
		SolutionGuid = {78974883-5B3F-457F-864E-47D28D14C307}
	EndGlobalSection
EndGlobal
